
Microsoft Visual Studio Solution File, Format Version 12.00
# Visual Studio Version 16
VisualStudioVersion = 16.0.809.2
MinimumVisualStudioVersion = 10.0.40219.1
Project("{FAE04EC0-301F-11D3-BF4B-00C04F79EFBC}") = "MethodsWithLoopsAndConditionals_10", "MethodsWithLoopsAndConditionals_10\MethodsWithLoopsAndConditionals_10.csproj", "{31C1FED1-EEDF-492D-935D-89E6247A730E}"
EndProject
Global
	GlobalSection(SolutionConfigurationPlatforms) = preSolution
		Debug|Any CPU = Debug|Any CPU
		Release|Any CPU = Release|Any CPU
	EndGlobalSection
	GlobalSection(ProjectConfigurationPlatforms) = postSolution
		{31C1FED1-EEDF-492D-935D-89E6247A730E}.Debug|Any CPU.ActiveCfg = Debug|Any CPU
		{31C1FED1-EEDF-492D-935D-89E6247A730E}.Debug|Any CPU.Build.0 = Debug|Any CPU
		{31C1FED1-EEDF-492D-935D-89E6247A730E}.Release|Any CPU.ActiveCfg = Release|Any CPU
		{31C1FED1-EEDF-492D-935D-89E6247A730E}.Release|Any CPU.Build.0 = Release|Any CPU
	EndGlobalSection
	GlobalSection(SolutionProperties) = preSolution
		HideSolutionNode = FALSE
	EndGlobalSection
	GlobalSection(ExtensibilityGlobals) = postSolution
		SolutionGuid = {526833D4-EBD6-4326-A0C7-E909382DC1CA}
	EndGlobalSection
EndGlobal
